
Microsoft Visual Studio Solution File, Format Version 12.00
# Visual Studio 2017
Project("{FAE04EC0-301F-11D3-BF4B-00C04F79EFBC}") = "CTF", "CTF.csproj", "{FA11F608-00AA-B4BB-2E18-BB35112BD27B}"
EndProject
Project("{FAE04EC0-301F-11D3-BF4B-00C04F79EFBC}") = "CTF.Editor", "CTF.Editor.csproj", "{82DB37C0-3075-C590-D571-B7EDFD113DDE}"
EndProject
Global
	GlobalSection(SolutionConfigurationPlatforms) = preSolution
		Debug|Any CPU = Debug|Any CPU
		Release|Any CPU = Release|Any CPU
	EndGlobalSection
	GlobalSection(ProjectConfigurationPlatforms) = postSolution
		{FA11F608-00AA-B4BB-2E18-BB35112BD27B}.Debug|Any CPU.ActiveCfg = Debug|Any CPU
		{FA11F608-00AA-B4BB-2E18-BB35112BD27B}.Debug|Any CPU.Build.0 = Debug|Any CPU
		{FA11F608-00AA-B4BB-2E18-BB35112BD27B}.Release|Any CPU.ActiveCfg = Release|Any CPU
		{FA11F608-00AA-B4BB-2E18-BB35112BD27B}.Release|Any CPU.Build.0 = Release|Any CPU
		{82DB37C0-3075-C590-D571-B7EDFD113DDE}.Debug|Any CPU.ActiveCfg = Debug|Any CPU
		{82DB37C0-3075-C590-D571-B7EDFD113DDE}.Debug|Any CPU.Build.0 = Debug|Any CPU
		{82DB37C0-3075-C590-D571-B7EDFD113DDE}.Release|Any CPU.ActiveCfg = Release|Any CPU
		{82DB37C0-3075-C590-D571-B7EDFD113DDE}.Release|Any CPU.Build.0 = Release|Any CPU
	EndGlobalSection
	GlobalSection(SolutionProperties) = preSolution
		HideSolutionNode = FALSE
	EndGlobalSection
EndGlobal
