
Microsoft Visual Studio Solution File, Format Version 11.00
# Visual Studio 2010
Project("{FAE04EC0-301F-11D3-BF4B-00C04F79EFBC}") = "TankTinkerer", "Assembly-CSharp.csproj", "{D3CD1CAE-104E-EF19-E619-B8F1E9378B7C}"
EndProject
Project("{FAE04EC0-301F-11D3-BF4B-00C04F79EFBC}") = "TankTinkerer", "Assembly-CSharp-Editor.csproj", "{75827781-C4A0-7C0F-F098-706796A3597D}"
EndProject
Global
	GlobalSection(SolutionConfigurationPlatforms) = preSolution
		Debug|Any CPU = Debug|Any CPU
		Release|Any CPU = Release|Any CPU
	EndGlobalSection
	GlobalSection(ProjectConfigurationPlatforms) = postSolution
		{D3CD1CAE-104E-EF19-E619-B8F1E9378B7C}.Debug|Any CPU.ActiveCfg = Debug|Any CPU
		{D3CD1CAE-104E-EF19-E619-B8F1E9378B7C}.Debug|Any CPU.Build.0 = Debug|Any CPU
		{D3CD1CAE-104E-EF19-E619-B8F1E9378B7C}.Release|Any CPU.ActiveCfg = Release|Any CPU
		{D3CD1CAE-104E-EF19-E619-B8F1E9378B7C}.Release|Any CPU.Build.0 = Release|Any CPU
		{75827781-C4A0-7C0F-F098-706796A3597D}.Debug|Any CPU.ActiveCfg = Debug|Any CPU
		{75827781-C4A0-7C0F-F098-706796A3597D}.Debug|Any CPU.Build.0 = Debug|Any CPU
		{75827781-C4A0-7C0F-F098-706796A3597D}.Release|Any CPU.ActiveCfg = Release|Any CPU
		{75827781-C4A0-7C0F-F098-706796A3597D}.Release|Any CPU.Build.0 = Release|Any CPU
	EndGlobalSection
	GlobalSection(SolutionProperties) = preSolution
		HideSolutionNode = FALSE
	EndGlobalSection
	GlobalSection(MonoDevelopProperties) = preSolution
		StartupItem = Assembly-CSharp.csproj
	EndGlobalSection
EndGlobal
